
Microsoft Visual Studio Solution File, Format Version 12.00
# Visual Studio 15
VisualStudioVersion = 15.0.27428.2015
MinimumVisualStudioVersion = 10.0.40219.1
Project("{9A19103F-16F7-4668-BE54-9A1E7A4F7556}") = "ecc.business.logic", "ecc.business.logic\ecc.business.logic.csproj", "{2136D008-B8EC-44A8-A9B8-9C0D77A139D2}"
EndProject
Project("{9A19103F-16F7-4668-BE54-9A1E7A4F7556}") = "ecc.common", "ecc.common\ecc.common.csproj", "{DA6388A0-E56C-4210-B60D-A9EF18AAAA5A}"
EndProject
Project("{2150E333-8FDC-42A3-9474-1A3956D46DE8}") = "Tests", "Tests", "{059E0CB0-178A-4D16-B828-610D6DBF333E}"
EndProject
Project("{9A19103F-16F7-4668-BE54-9A1E7A4F7556}") = "ecc.business.logic.tests", "ecc.business.logic.tests\ecc.business.logic.tests.csproj", "{CBE4CA75-25CA-4F76-9284-E6E75D5E557D}"
EndProject
Project("{9A19103F-16F7-4668-BE54-9A1E7A4F7556}") = "ecc.web.api", "ecc.web.api\ecc.web.api.csproj", "{F51BD2A7-EACA-45BB-87B0-D5D20DB33AA5}"
EndProject
Global
	GlobalSection(SolutionConfigurationPlatforms) = preSolution
		Debug|Any CPU = Debug|Any CPU
		Release|Any CPU = Release|Any CPU
	EndGlobalSection
	GlobalSection(ProjectConfigurationPlatforms) = postSolution
		{2136D008-B8EC-44A8-A9B8-9C0D77A139D2}.Debug|Any CPU.ActiveCfg = Debug|Any CPU
		{2136D008-B8EC-44A8-A9B8-9C0D77A139D2}.Debug|Any CPU.Build.0 = Debug|Any CPU
		{2136D008-B8EC-44A8-A9B8-9C0D77A139D2}.Release|Any CPU.ActiveCfg = Release|Any CPU
		{2136D008-B8EC-44A8-A9B8-9C0D77A139D2}.Release|Any CPU.Build.0 = Release|Any CPU
		{DA6388A0-E56C-4210-B60D-A9EF18AAAA5A}.Debug|Any CPU.ActiveCfg = Debug|Any CPU
		{DA6388A0-E56C-4210-B60D-A9EF18AAAA5A}.Debug|Any CPU.Build.0 = Debug|Any CPU
		{DA6388A0-E56C-4210-B60D-A9EF18AAAA5A}.Release|Any CPU.ActiveCfg = Release|Any CPU
		{DA6388A0-E56C-4210-B60D-A9EF18AAAA5A}.Release|Any CPU.Build.0 = Release|Any CPU
		{CBE4CA75-25CA-4F76-9284-E6E75D5E557D}.Debug|Any CPU.ActiveCfg = Debug|Any CPU
		{CBE4CA75-25CA-4F76-9284-E6E75D5E557D}.Debug|Any CPU.Build.0 = Debug|Any CPU
		{CBE4CA75-25CA-4F76-9284-E6E75D5E557D}.Release|Any CPU.ActiveCfg = Release|Any CPU
		{CBE4CA75-25CA-4F76-9284-E6E75D5E557D}.Release|Any CPU.Build.0 = Release|Any CPU
		{F51BD2A7-EACA-45BB-87B0-D5D20DB33AA5}.Debug|Any CPU.ActiveCfg = Debug|Any CPU
		{F51BD2A7-EACA-45BB-87B0-D5D20DB33AA5}.Debug|Any CPU.Build.0 = Debug|Any CPU
		{F51BD2A7-EACA-45BB-87B0-D5D20DB33AA5}.Release|Any CPU.ActiveCfg = Release|Any CPU
		{F51BD2A7-EACA-45BB-87B0-D5D20DB33AA5}.Release|Any CPU.Build.0 = Release|Any CPU
	EndGlobalSection
	GlobalSection(SolutionProperties) = preSolution
		HideSolutionNode = FALSE
	EndGlobalSection
	GlobalSection(NestedProjects) = preSolution
		{CBE4CA75-25CA-4F76-9284-E6E75D5E557D} = {059E0CB0-178A-4D16-B828-610D6DBF333E}
	EndGlobalSection
	GlobalSection(ExtensibilityGlobals) = postSolution
		SolutionGuid = {60F4C96F-736B-4056-87E6-F21AF24758F9}
	EndGlobalSection
EndGlobal
